// !$*UTF8*$!
{
	archiveVersion = 1;
	classes = {
	};
	objectVersion = 46;
	objects = {

/* Begin PBXBuildFile section */
		F30C1CDE1ACBC1CF00593355 /* AppDelegate.swift in Sources */ = {isa = PBXBuildFile; fileRef = F30C1CDD1ACBC1CF00593355 /* AppDelegate.swift */; };
		F30C1CE01ACBC1CF00593355 /* ViewController.swift in Sources */ = {isa = PBXBuildFile; fileRef = F30C1CDF1ACBC1CF00593355 /* ViewController.swift */; };
		F30C1CE31ACBC1CF00593355 /* Main.storyboard in Resources */ = {isa = PBXBuildFile; fileRef = F30C1CE11ACBC1CF00593355 /* Main.storyboard */; };
		F30C1CE51ACBC1CF00593355 /* Images.xcassets in Resources */ = {isa = PBXBuildFile; fileRef = F30C1CE41ACBC1CF00593355 /* Images.xcassets */; };
		F30C1CE81ACBC1CF00593355 /* LaunchScreen.xib in Resources */ = {isa = PBXBuildFile; fileRef = F30C1CE61ACBC1CF00593355 /* LaunchScreen.xib */; };
		F30C1CF41ACBC1CF00593355 /* MegaphoneTests.swift in Sources */ = {isa = PBXBuildFile; fileRef = F30C1CF31ACBC1CF00593355 /* MegaphoneTests.swift */; };
		F3B951E91ACE5DEA00CF7081 /* CompanyViewController.swift in Sources */ = {isa = PBXBuildFile; fileRef = F3B951E81ACE5DEA00CF7081 /* CompanyViewController.swift */; };
		F3B951EB1ACE5F5700CF7081 /* CompanyList.plist in Resources */ = {isa = PBXBuildFile; fileRef = F3B951EA1ACE5F5700CF7081 /* CompanyList.plist */; };
		F3B951ED1ACE621E00CF7081 /* CompanyLogos.xcassets in Resources */ = {isa = PBXBuildFile; fileRef = F3B951EC1ACE621E00CF7081 /* CompanyLogos.xcassets */; };
		F3B951F11ACE6EE200CF7081 /* CompanyCell.swift in Sources */ = {isa = PBXBuildFile; fileRef = F3B951F01ACE6EE200CF7081 /* CompanyCell.swift */; };
/* End PBXBuildFile section */

/* Begin PBXContainerItemProxy section */
		F30C1CEE1ACBC1CF00593355 /* PBXContainerItemProxy */ = {
			isa = PBXContainerItemProxy;
			containerPortal = F30C1CD01ACBC1CF00593355 /* Project object */;
			proxyType = 1;
			remoteGlobalIDString = F30C1CD71ACBC1CF00593355;
			remoteInfo = Megaphone;
		};
/* End PBXContainerItemProxy section */

/* Begin PBXFileReference section */
		F30C1CD81ACBC1CF00593355 /* Megaphone.app */ = {isa = PBXFileReference; explicitFileType = wrapper.application; includeInIndex = 0; path = Megaphone.app; sourceTree = BUILT_PRODUCTS_DIR; };
		F30C1CDC1ACBC1CF00593355 /* Info.plist */ = {isa = PBXFileReference; lastKnownFileType = text.plist.xml; path = Info.plist; sourceTree = "<group>"; };
		F30C1CDD1ACBC1CF00593355 /* AppDelegate.swift */ = {isa = PBXFileReference; lastKnownFileType = sourcecode.swift; path = AppDelegate.swift; sourceTree = "<group>"; };
		F30C1CDF1ACBC1CF00593355 /* ViewController.swift */ = {isa = PBXFileReference; lastKnownFileType = sourcecode.swift; path = ViewController.swift; sourceTree = "<group>"; };
		F30C1CE21ACBC1CF00593355 /* Base */ = {isa = PBXFileReference; lastKnownFileType = file.storyboard; name = Base; path = Base.lproj/Main.storyboard; sourceTree = "<group>"; };
		F30C1CE41ACBC1CF00593355 /* Images.xcassets */ = {isa = PBXFileReference; lastKnownFileType = folder.assetcatalog; path = Images.xcassets; sourceTree = "<group>"; };
		F30C1CE71ACBC1CF00593355 /* Base */ = {isa = PBXFileReference; lastKnownFileType = file.xib; name = Base; path = Base.lproj/LaunchScreen.xib; sourceTree = "<group>"; };
		F30C1CED1ACBC1CF00593355 /* MegaphoneTests.xctest */ = {isa = PBXFileReference; explicitFileType = wrapper.cfbundle; includeInIndex = 0; path = MegaphoneTests.xctest; sourceTree = BUILT_PRODUCTS_DIR; };
		F30C1CF21ACBC1CF00593355 /* Info.plist */ = {isa = PBXFileReference; lastKnownFileType = text.plist.xml; path = Info.plist; sourceTree = "<group>"; };
		F30C1CF31ACBC1CF00593355 /* MegaphoneTests.swift */ = {isa = PBXFileReference; lastKnownFileType = sourcecode.swift; path = MegaphoneTests.swift; sourceTree = "<group>"; };
		F3B951E81ACE5DEA00CF7081 /* CompanyViewController.swift */ = {isa = PBXFileReference; fileEncoding = 4; lastKnownFileType = sourcecode.swift; path = CompanyViewController.swift; sourceTree = "<group>"; };
		F3B951EA1ACE5F5700CF7081 /* CompanyList.plist */ = {isa = PBXFileReference; fileEncoding = 4; lastKnownFileType = text.plist.xml; path = CompanyList.plist; sourceTree = "<group>"; };
		F3B951EC1ACE621E00CF7081 /* CompanyLogos.xcassets */ = {isa = PBXFileReference; lastKnownFileType = folder.assetcatalog; path = CompanyLogos.xcassets; sourceTree = "<group>"; };
		F3B951F01ACE6EE200CF7081 /* CompanyCell.swift */ = {isa = PBXFileReference; fileEncoding = 4; lastKnownFileType = sourcecode.swift; path = CompanyCell.swift; sourceTree = "<group>"; };
/* End PBXFileReference section */

/* Begin PBXFrameworksBuildPhase section */
		F30C1CD51ACBC1CF00593355 /* Frameworks */ = {
			isa = PBXFrameworksBuildPhase;
			buildActionMask = 2147483647;
			files = (
			);
			runOnlyForDeploymentPostprocessing = 0;
		};
		F30C1CEA1ACBC1CF00593355 /* Frameworks */ = {
			isa = PBXFrameworksBuildPhase;
			buildActionMask = 2147483647;
			files = (
			);
			runOnlyForDeploymentPostprocessing = 0;
		};
/* End PBXFrameworksBuildPhase section */

/* Begin PBXGroup section */
		F30C1CCF1ACBC1CF00593355 = {
			isa = PBXGroup;
			children = (
				F30C1CDA1ACBC1CF00593355 /* Megaphone */,
				F30C1CF01ACBC1CF00593355 /* MegaphoneTests */,
				F30C1CD91ACBC1CF00593355 /* Products */,
			);
			sourceTree = "<group>";
		};
		F30C1CD91ACBC1CF00593355 /* Products */ = {
			isa = PBXGroup;
			children = (
				F30C1CD81ACBC1CF00593355 /* Megaphone.app */,
				F30C1CED1ACBC1CF00593355 /* MegaphoneTests.xctest */,
			);
			name = Products;
			sourceTree = "<group>";
		};
		F30C1CDA1ACBC1CF00593355 /* Megaphone */ = {
			isa = PBXGroup;
			children = (
				F30C1CDD1ACBC1CF00593355 /* AppDelegate.swift */,
				F30C1CDF1ACBC1CF00593355 /* ViewController.swift */,
				F30C1CE11ACBC1CF00593355 /* Main.storyboard */,
				F3B951F01ACE6EE200CF7081 /* CompanyCell.swift */,
				F3B951EA1ACE5F5700CF7081 /* CompanyList.plist */,
				F3B951E81ACE5DEA00CF7081 /* CompanyViewController.swift */,
				F30C1CE41ACBC1CF00593355 /* Images.xcassets */,
				F3B951EC1ACE621E00CF7081 /* CompanyLogos.xcassets */,
				F30C1CE61ACBC1CF00593355 /* LaunchScreen.xib */,
				F30C1CDB1ACBC1CF00593355 /* Supporting Files */,
			);
			path = Megaphone;
			sourceTree = "<group>";
		};
		F30C1CDB1ACBC1CF00593355 /* Supporting Files */ = {
			isa = PBXGroup;
			children = (
				F30C1CDC1ACBC1CF00593355 /* Info.plist */,
			);
			name = "Supporting Files";
			sourceTree = "<group>";
		};
		F30C1CF01ACBC1CF00593355 /* MegaphoneTests */ = {
			isa = PBXGroup;
			children = (
				F30C1CF31ACBC1CF00593355 /* MegaphoneTests.swift */,
				F30C1CF11ACBC1CF00593355 /* Supporting Files */,
			);
			path = MegaphoneTests;
			sourceTree = "<group>";
		};
		F30C1CF11ACBC1CF00593355 /* Supporting Files */ = {
			isa = PBXGroup;
			children = (
				F30C1CF21ACBC1CF00593355 /* Info.plist */,
			);
			name = "Supporting Files";
			sourceTree = "<group>";
		};
/* End PBXGroup section */

/* Begin PBXNativeTarget section */
		F30C1CD71ACBC1CF00593355 /* Megaphone */ = {
			isa = PBXNativeTarget;
			buildConfigurationList = F30C1CF71ACBC1CF00593355 /* Build configuration list for PBXNativeTarget "Megaphone" */;
			buildPhases = (
				F30C1CD41ACBC1CF00593355 /* Sources */,
				F30C1CD51ACBC1CF00593355 /* Frameworks */,
				F30C1CD61ACBC1CF00593355 /* Resources */,
			);
			buildRules = (
			);
			dependencies = (
			);
			name = Megaphone;
			productName = Megaphone;
			productReference = F30C1CD81ACBC1CF00593355 /* Megaphone.app */;
			productType = "com.apple.product-type.application";
		};
		F30C1CEC1ACBC1CF00593355 /* MegaphoneTests */ = {
			isa = PBXNativeTarget;
			buildConfigurationList = F30C1CFA1ACBC1CF00593355 /* Build configuration list for PBXNativeTarget "MegaphoneTests" */;
			buildPhases = (
				F30C1CE91ACBC1CF00593355 /* Sources */,
				F30C1CEA1ACBC1CF00593355 /* Frameworks */,
				F30C1CEB1ACBC1CF00593355 /* Resources */,
			);
			buildRules = (
			);
			dependencies = (
				F30C1CEF1ACBC1CF00593355 /* PBXTargetDependency */,
			);
			name = MegaphoneTests;
			productName = MegaphoneTests;
			productReference = F30C1CED1ACBC1CF00593355 /* MegaphoneTests.xctest */;
			productType = "com.apple.product-type.bundle.unit-test";
		};
/* End PBXNativeTarget section */

/* Begin PBXProject section */
		F30C1CD01ACBC1CF00593355 /* Project object */ = {
			isa = PBXProject;
			attributes = {
				LastUpgradeCheck = 0620;
				ORGANIZATIONNAME = Dropbox;
				TargetAttributes = {
					F30C1CD71ACBC1CF00593355 = {
						CreatedOnToolsVersion = 6.2;
					};
					F30C1CEC1ACBC1CF00593355 = {
						CreatedOnToolsVersion = 6.2;
						TestTargetID = F30C1CD71ACBC1CF00593355;
					};
				};
			};
			buildConfigurationList = F30C1CD31ACBC1CF00593355 /* Build configuration list for PBXProject "Megaphone" */;
			compatibilityVersion = "Xcode 3.2";
			developmentRegion = English;
			hasScannedForEncodings = 0;
			knownRegions = (
				en,
				Base,
			);
			mainGroup = F30C1CCF1ACBC1CF00593355;
			productRefGroup = F30C1CD91ACBC1CF00593355 /* Products */;
			projectDirPath = "";
			projectRoot = "";
			targets = (
				F30C1CD71ACBC1CF00593355 /* Megaphone */,
				F30C1CEC1ACBC1CF00593355 /* MegaphoneTests */,
			);
		};
/* End PBXProject section */

/* Begin PBXResourcesBuildPhase section */
		F30C1CD61ACBC1CF00593355 /* Resources */ = {
			isa = PBXResourcesBuildPhase;
			buildActionMask = 2147483647;
			files = (
				F30C1CE31ACBC1CF00593355 /* Main.storyboard in Resources */,
				F3B951ED1ACE621E00CF7081 /* CompanyLogos.xcassets in Resources */,
				F30C1CE81ACBC1CF00593355 /* LaunchScreen.xib in Resources */,
				F3B951EB1ACE5F5700CF7081 /* CompanyList.plist in Resources */,
				F30C1CE51ACBC1CF00593355 /* Images.xcassets in Resources */,
			);
			runOnlyForDeploymentPostprocessing = 0;
		};
		F30C1CEB1ACBC1CF00593355 /* Resources */ = {
			isa = PBXResourcesBuildPhase;
			buildActionMask = 2147483647;
			files = (
			);
			runOnlyForDeploymentPostprocessing = 0;
		};
/* End PBXResourcesBuildPhase section */

/* Begin PBXSourcesBuildPhase section */
		F30C1CD41ACBC1CF00593355 /* Sources */ = {
			isa = PBXSourcesBuildPhase;
			buildActionMask = 2147483647;
			files = (
				F30C1CE01ACBC1CF00593355 /* ViewController.swift in Sources */,
				F30C1CDE1ACBC1CF00593355 /* AppDelegate.swift in Sources */,
				F3B951E91ACE5DEA00CF7081 /* CompanyViewController.swift in Sources */,
				F3B951F11ACE6EE200CF7081 /* CompanyCell.swift in Sources */,
			);
			runOnlyForDeploymentPostprocessing = 0;
		};
		F30C1CE91ACBC1CF00593355 /* Sources */ = {
			isa = PBXSourcesBuildPhase;
			buildActionMask = 2147483647;
			files = (
				F30C1CF41ACBC1CF00593355 /* MegaphoneTests.swift in Sources */,
			);
			runOnlyForDeploymentPostprocessing = 0;
		};
/* End PBXSourcesBuildPhase section */

/* Begin PBXTargetDependency section */
		F30C1CEF1ACBC1CF00593355 /* PBXTargetDependency */ = {
			isa = PBXTargetDependency;
			target = F30C1CD71ACBC1CF00593355 /* Megaphone */;
			targetProxy = F30C1CEE1ACBC1CF00593355 /* PBXContainerItemProxy */;
		};
/* End PBXTargetDependency section */

/* Begin PBXVariantGroup section */
		F30C1CE11ACBC1CF00593355 /* Main.storyboard */ = {
			isa = PBXVariantGroup;
			children = (
				F30C1CE21ACBC1CF00593355 /* Base */,
			);
			name = Main.storyboard;
			sourceTree = "<group>";
		};
		F30C1CE61ACBC1CF00593355 /* LaunchScreen.xib */ = {
			isa = PBXVariantGroup;
			children = (
				F30C1CE71ACBC1CF00593355 /* Base */,
			);
			name = LaunchScreen.xib;
			sourceTree = "<group>";
		};
/* End PBXVariantGroup section */

/* Begin XCBuildConfiguration section */
		F30C1CF51ACBC1CF00593355 /* Debug */ = {
			isa = XCBuildConfiguration;
			buildSettings = {
				ALWAYS_SEARCH_USER_PATHS = NO;
				CLANG_CXX_LANGUAGE_STANDARD = "gnu++0x";
				CLANG_CXX_LIBRARY = "libc++";
				CLANG_ENABLE_MODULES = YES;
				CLANG_ENABLE_OBJC_ARC = YES;
				CLANG_WARN_BOOL_CONVERSION = YES;
				CLANG_WARN_CONSTANT_CONVERSION = YES;
				CLANG_WARN_DIRECT_OBJC_ISA_USAGE = YES_ERROR;
				CLANG_WARN_EMPTY_BODY = YES;
				CLANG_WARN_ENUM_CONVERSION = YES;
				CLANG_WARN_INT_CONVERSION = YES;
				CLANG_WARN_OBJC_ROOT_CLASS = YES_ERROR;
				CLANG_WARN_UNREACHABLE_CODE = YES;
				CLANG_WARN__DUPLICATE_METHOD_MATCH = YES;
				"CODE_SIGN_IDENTITY[sdk=iphoneos*]" = "iPhone Developer";
				COPY_PHASE_STRIP = NO;
				ENABLE_STRICT_OBJC_MSGSEND = YES;
				GCC_C_LANGUAGE_STANDARD = gnu99;
				GCC_DYNAMIC_NO_PIC = NO;
				GCC_OPTIMIZATION_LEVEL = 0;
				GCC_PREPROCESSOR_DEFINITIONS = (
					"DEBUG=1",
					"$(inherited)",
				);
				GCC_SYMBOLS_PRIVATE_EXTERN = NO;
				GCC_WARN_64_TO_32_BIT_CONVERSION = YES;
				GCC_WARN_ABOUT_RETURN_TYPE = YES_ERROR;
				GCC_WARN_UNDECLARED_SELECTOR = YES;
				GCC_WARN_UNINITIALIZED_AUTOS = YES_AGGRESSIVE;
				GCC_WARN_UNUSED_FUNCTION = YES;
				GCC_WARN_UNUSED_VARIABLE = YES;
				IPHONEOS_DEPLOYMENT_TARGET = 8.2;
				MTL_ENABLE_DEBUG_INFO = YES;
				ONLY_ACTIVE_ARCH = YES;
				SDKROOT = iphoneos;
				SWIFT_OPTIMIZATION_LEVEL = "-Onone";
			};
			name = Debug;
		};
		F30C1CF61ACBC1CF00593355 /* Release */ = {
			isa = XCBuildConfiguration;
			buildSettings = {
				ALWAYS_SEARCH_USER_PATHS = NO;
				CLANG_CXX_LANGUAGE_STANDARD = "gnu++0x";
				CLANG_CXX_LIBRARY = "libc++";
				CLANG_ENABLE_MODULES = YES;
				CLANG_ENABLE_OBJC_ARC = YES;
				CLANG_WARN_BOOL_CONVERSION = YES;
				CLANG_WARN_CONSTANT_CONVERSION = YES;
				CLANG_WARN_DIRECT_OBJC_ISA_USAGE = YES_ERROR;
				CLANG_WARN_EMPTY_BODY = YES;
				CLANG_WARN_ENUM_CONVERSION = YES;
				CLANG_WARN_INT_CONVERSION = YES;
				CLANG_WARN_OBJC_ROOT_CLASS = YES_ERROR;
				CLANG_WARN_UNREACHABLE_CODE = YES;
				CLANG_WARN__DUPLICATE_METHOD_MATCH = YES;
				"CODE_SIGN_IDENTITY[sdk=iphoneos*]" = "iPhone Developer";
				COPY_PHASE_STRIP = NO;
				ENABLE_NS_ASSERTIONS = NO;
				ENABLE_STRICT_OBJC_MSGSEND = YES;
				GCC_C_LANGUAGE_STANDARD = gnu99;
				GCC_WARN_64_TO_32_BIT_CONVERSION = YES;
				GCC_WARN_ABOUT_RETURN_TYPE = YES_ERROR;
				GCC_WARN_UNDECLARED_SELECTOR = YES;
				GCC_WARN_UNINITIALIZED_AUTOS = YES_AGGRESSIVE;
				GCC_WARN_UNUSED_FUNCTION = YES;
				GCC_WARN_UNUSED_VARIABLE = YES;
				IPHONEOS_DEPLOYMENT_TARGET = 8.2;
				MTL_ENABLE_DEBUG_INFO = NO;
				SDKROOT = iphoneos;
				VALIDATE_PRODUCT = YES;
			};
			name = Release;
		};
		F30C1CF81ACBC1CF00593355 /* Debug */ = {
			isa = XCBuildConfiguration;
			buildSettings = {
				ASSETCATALOG_COMPILER_APPICON_NAME = AppIcon;
				INFOPLIST_FILE = Megaphone/Info.plist;
				LD_RUNPATH_SEARCH_PATHS = "$(inherited) @executable_path/Frameworks";
				PRODUCT_NAME = "$(TARGET_NAME)";
			};
			name = Debug;
		};
		F30C1CF91ACBC1CF00593355 /* Release */ = {
			isa = XCBuildConfiguration;
			buildSettings = {
				ASSETCATALOG_COMPILER_APPICON_NAME = AppIcon;
				INFOPLIST_FILE = Megaphone/Info.plist;
				LD_RUNPATH_SEARCH_PATHS = "$(inherited) @executable_path/Frameworks";
				PRODUCT_NAME = "$(TARGET_NAME)";
			};
			name = Release;
		};
		F30C1CFB1ACBC1CF00593355 /* Debug */ = {
			isa = XCBuildConfiguration;
			buildSettings = {
				BUNDLE_LOADER = "$(TEST_HOST)";
				FRAMEWORK_SEARCH_PATHS = (
					"$(SDKROOT)/Developer/Library/Frameworks",
					"$(inherited)",
				);
				GCC_PREPROCESSOR_DEFINITIONS = (
					"DEBUG=1",
					"$(inherited)",
				);
				INFOPLIST_FILE = MegaphoneTests/Info.plist;
				LD_RUNPATH_SEARCH_PATHS = "$(inherited) @executable_path/Frameworks @loader_path/Frameworks";
				PRODUCT_NAME = "$(TARGET_NAME)";
				TEST_HOST = "$(BUILT_PRODUCTS_DIR)/Megaphone.app/Megaphone";
			};
			name = Debug;
		};
		F30C1CFC1ACBC1CF00593355 /* Release */ = {
			isa = XCBuildConfiguration;
			buildSettings = {
				BUNDLE_LOADER = "$(TEST_HOST)";
				FRAMEWORK_SEARCH_PATHS = (
					"$(SDKROOT)/Developer/Library/Frameworks",
					"$(inherited)",
				);
				INFOPLIST_FILE = MegaphoneTests/Info.plist;
				LD_RUNPATH_SEARCH_PATHS = "$(inherited) @executable_path/Frameworks @loader_path/Frameworks";
				PRODUCT_NAME = "$(TARGET_NAME)";
				TEST_HOST = "$(BUILT_PRODUCTS_DIR)/Megaphone.app/Megaphone";
			};
			name = Release;
		};
/* End XCBuildConfiguration section */

/* Begin XCConfigurationList section */
		F30C1CD31ACBC1CF00593355 /* Build configuration list for PBXProject "Megaphone" */ = {
			isa = XCConfigurationList;
			buildConfigurations = (
				F30C1CF51ACBC1CF00593355 /* Debug */,
				F30C1CF61ACBC1CF00593355 /* Release */,
			);
			defaultConfigurationIsVisible = 0;
			defaultConfigurationName = Release;
		};
		F30C1CF71ACBC1CF00593355 /* Build configuration list for PBXNativeTarget "Megaphone" */ = {
			isa = XCConfigurationList;
			buildConfigurations = (
				F30C1CF81ACBC1CF00593355 /* Debug */,
				F30C1CF91ACBC1CF00593355 /* Release */,
			);
			defaultConfigurationIsVisible = 0;
			defaultConfigurationName = Release;
		};
		F30C1CFA1ACBC1CF00593355 /* Build configuration list for PBXNativeTarget "MegaphoneTests" */ = {
			isa = XCConfigurationList;
			buildConfigurations = (
				F30C1CFB1ACBC1CF00593355 /* Debug */,
				F30C1CFC1ACBC1CF00593355 /* Release */,
			);
			defaultConfigurationIsVisible = 0;
			defaultConfigurationName = Release;
		};
/* End XCConfigurationList section */
	};
	rootObject = F30C1CD01ACBC1CF00593355 /* Project object */;
}
