// !$*UTF8*$!
{
	archiveVersion = 1;
	classes = {
	};
	objectVersion = 46;
	objects = {

/* Begin PBXBuildFile section */
		A31820611AF36E4A0008BE21 /* CommentTableViewCell.m in Sources */ = {isa = PBXBuildFile; fileRef = A31820601AF36E4A0008BE21 /* CommentTableViewCell.m */; };
		A3318D581AF85FC900651A20 /* CompaniesViewController.m in Sources */ = {isa = PBXBuildFile; fileRef = A3318D571AF85FC900651A20 /* CompaniesViewController.m */; };
		A35550DB1AD887D4002D2663 /* FacebookSDK.strings in Resources */ = {isa = PBXBuildFile; fileRef = A35550D61AD887D4002D2663 /* FacebookSDK.strings */; };
		A35550DC1AD887D4002D2663 /* FBSDKCoreKit.framework in Frameworks */ = {isa = PBXBuildFile; fileRef = A35550D71AD887D4002D2663 /* FBSDKCoreKit.framework */; };
		A35550DD1AD887D4002D2663 /* FBSDKLoginKit.framework in Frameworks */ = {isa = PBXBuildFile; fileRef = A35550D81AD887D4002D2663 /* FBSDKLoginKit.framework */; };
		A35550DE1AD887D4002D2663 /* FBSDKShareKit.framework in Frameworks */ = {isa = PBXBuildFile; fileRef = A35550D91AD887D4002D2663 /* FBSDKShareKit.framework */; };
		A35550DF1AD887D4002D2663 /* FacebookSDK.framework in Frameworks */ = {isa = PBXBuildFile; fileRef = A35550DA1AD887D4002D2663 /* FacebookSDK.framework */; };
		A35550E51AD887E0002D2663 /* Bolts.framework in Frameworks */ = {isa = PBXBuildFile; fileRef = A35550E01AD887E0002D2663 /* Bolts.framework */; };
		A35550E61AD887E0002D2663 /* FBAudienceNetwork.framework in Frameworks */ = {isa = PBXBuildFile; fileRef = A35550E11AD887E0002D2663 /* FBAudienceNetwork.framework */; };
		A35550E71AD887E0002D2663 /* FBSDKMessengerShareKit.framework in Frameworks */ = {isa = PBXBuildFile; fileRef = A35550E21AD887E0002D2663 /* FBSDKMessengerShareKit.framework */; };
		A35550E81AD887E1002D2663 /* FBAudienceNetwork.README.txt in Resources */ = {isa = PBXBuildFile; fileRef = A35550E31AD887E0002D2663 /* FBAudienceNetwork.README.txt */; };
		A35550E91AD887E1002D2663 /* LICENSE in Resources */ = {isa = PBXBuildFile; fileRef = A35550E41AD887E0002D2663 /* LICENSE */; };
		A376E07C1AD8833D008757E8 /* libicucore.dylib in Frameworks */ = {isa = PBXBuildFile; fileRef = A376E05F1AD8833D008757E8 /* libicucore.dylib */; };
		A376E07D1AD8833D008757E8 /* libc++.dylib in Frameworks */ = {isa = PBXBuildFile; fileRef = A376E0601AD8833D008757E8 /* libc++.dylib */; };
		A376E07E1AD8833D008757E8 /* CFNetwork.framework in Frameworks */ = {isa = PBXBuildFile; fileRef = A376E0611AD8833D008757E8 /* CFNetwork.framework */; };
		A376E07F1AD8833D008757E8 /* Security.framework in Frameworks */ = {isa = PBXBuildFile; fileRef = A376E0621AD8833D008757E8 /* Security.framework */; };
		A376E0801AD8833D008757E8 /* SystemConfiguration.framework in Frameworks */ = {isa = PBXBuildFile; fileRef = A376E0631AD8833D008757E8 /* SystemConfiguration.framework */; };
		A376E0811AD8833D008757E8 /* QuartzCore.framework in Frameworks */ = {isa = PBXBuildFile; fileRef = A376E0641AD8833D008757E8 /* QuartzCore.framework */; };
		A376E0821AD8833D008757E8 /* Accounts.framework in Frameworks */ = {isa = PBXBuildFile; fileRef = A376E0651AD8833D008757E8 /* Accounts.framework */; };
		A376E0831AD8833D008757E8 /* AudioToolbox.framework in Frameworks */ = {isa = PBXBuildFile; fileRef = A376E0661AD8833D008757E8 /* AudioToolbox.framework */; };
		A376E0841AD8833D008757E8 /* CoreGraphics.framework in Frameworks */ = {isa = PBXBuildFile; fileRef = A376E0671AD8833D008757E8 /* CoreGraphics.framework */; };
		A376E0851AD8833D008757E8 /* CoreLocation.framework in Frameworks */ = {isa = PBXBuildFile; fileRef = A376E0681AD8833D008757E8 /* CoreLocation.framework */; };
		A376E0861AD8833D008757E8 /* libz.dylib in Frameworks */ = {isa = PBXBuildFile; fileRef = A376E0691AD8833D008757E8 /* libz.dylib */; };
		A376E0871AD8833D008757E8 /* MobileCoreServices.framework in Frameworks */ = {isa = PBXBuildFile; fileRef = A376E06A1AD8833D008757E8 /* MobileCoreServices.framework */; };
		A376E0881AD8833D008757E8 /* StoreKit.framework in Frameworks */ = {isa = PBXBuildFile; fileRef = A376E06B1AD8833D008757E8 /* StoreKit.framework */; };
		A376E08A1AD8839B008757E8 /* libsqlite3.dylib in Frameworks */ = {isa = PBXBuildFile; fileRef = A376E0891AD8839B008757E8 /* libsqlite3.dylib */; };
		A376E08F1AD886DB008757E8 /* Parse.framework in Frameworks */ = {isa = PBXBuildFile; fileRef = A376E08C1AD886DB008757E8 /* Parse.framework */; };
		A376E0901AD886DB008757E8 /* ParseFacebookUtils.framework in Frameworks */ = {isa = PBXBuildFile; fileRef = A376E08D1AD886DB008757E8 /* ParseFacebookUtils.framework */; };
		F30587761AD1F3D40058E103 /* CompanyCell.m in Sources */ = {isa = PBXBuildFile; fileRef = F30587751AD1F3D40058E103 /* CompanyCell.m */; };
		F332FB4A1AF9821300058F3A /* ParseUI.framework in Frameworks */ = {isa = PBXBuildFile; fileRef = F332FB491AF9821300058F3A /* ParseUI.framework */; };
		F347561D1ADCA4B90053FF4C /* PostViewController.m in Sources */ = {isa = PBXBuildFile; fileRef = F347561C1ADCA4B90053FF4C /* PostViewController.m */; };
		F35559D91AD38804001A0FCA /* MoreTableViewController.m in Sources */ = {isa = PBXBuildFile; fileRef = F35559D81AD38804001A0FCA /* MoreTableViewController.m */; };
		F35559DD1AD39349001A0FCA /* ProfilePostsTableViewController.m in Sources */ = {isa = PBXBuildFile; fileRef = F35559DC1AD39349001A0FCA /* ProfilePostsTableViewController.m */; };
		F35559ED1AD393FA001A0FCA /* PostCell.m in Sources */ = {isa = PBXBuildFile; fileRef = F35559EC1AD393FA001A0FCA /* PostCell.m */; };
		F36328611ADCD54F00226397 /* ProfileTableViewController.m in Sources */ = {isa = PBXBuildFile; fileRef = F36328601ADCD54F00226397 /* ProfileTableViewController.m */; };
		F3642BE51AD50B71007C5034 /* PostsTableViewController.m in Sources */ = {isa = PBXBuildFile; fileRef = F3642BE41AD50B71007C5034 /* PostsTableViewController.m */; };
		F381D97A1AFB1D3C00B7CB2F /* Social.framework in Frameworks */ = {isa = PBXBuildFile; fileRef = F381D9791AFB1D3C00B7CB2F /* Social.framework */; };
		F3A6B3061AD1EDE400955521 /* main.m in Sources */ = {isa = PBXBuildFile; fileRef = F3A6B3051AD1EDE400955521 /* main.m */; };
		F3A6B3091AD1EDE400955521 /* AppDelegate.m in Sources */ = {isa = PBXBuildFile; fileRef = F3A6B3081AD1EDE400955521 /* AppDelegate.m */; };
		F3A6B30F1AD1EDE400955521 /* Main.storyboard in Resources */ = {isa = PBXBuildFile; fileRef = F3A6B30D1AD1EDE400955521 /* Main.storyboard */; };
		F3A6B3111AD1EDE400955521 /* Images.xcassets in Resources */ = {isa = PBXBuildFile; fileRef = F3A6B3101AD1EDE400955521 /* Images.xcassets */; };
		F3A6B3141AD1EDE400955521 /* LaunchScreen.xib in Resources */ = {isa = PBXBuildFile; fileRef = F3A6B3121AD1EDE400955521 /* LaunchScreen.xib */; };
		F3A6B3201AD1EDE400955521 /* MegaphoneTests.m in Sources */ = {isa = PBXBuildFile; fileRef = F3A6B31F1AD1EDE400955521 /* MegaphoneTests.m */; };
		F3B842F71AF47CBA0002BFD0 /* CommentTableView.m in Sources */ = {isa = PBXBuildFile; fileRef = F3B842F61AF47CBA0002BFD0 /* CommentTableView.m */; };
		F3C353A21AD88E7400455F72 /* NewPostViewController.m in Sources */ = {isa = PBXBuildFile; fileRef = F3C353A11AD88E7400455F72 /* NewPostViewController.m */; };
		F3E9519E1AEDA8C50071D28E /* Sarpanch-Black.ttf in Resources */ = {isa = PBXBuildFile; fileRef = F3E951981AEDA8C50071D28E /* Sarpanch-Black.ttf */; };
		F3E9519F1AEDA8C50071D28E /* Sarpanch-Bold.ttf in Resources */ = {isa = PBXBuildFile; fileRef = F3E951991AEDA8C50071D28E /* Sarpanch-Bold.ttf */; };
		F3E951A01AEDA8C50071D28E /* Sarpanch-ExtraBold.ttf in Resources */ = {isa = PBXBuildFile; fileRef = F3E9519A1AEDA8C50071D28E /* Sarpanch-ExtraBold.ttf */; };
		F3E951A11AEDA8C50071D28E /* Sarpanch-Medium.ttf in Resources */ = {isa = PBXBuildFile; fileRef = F3E9519B1AEDA8C50071D28E /* Sarpanch-Medium.ttf */; };
		F3E951A21AEDA8C50071D28E /* Sarpanch-Regular.ttf in Resources */ = {isa = PBXBuildFile; fileRef = F3E9519C1AEDA8C50071D28E /* Sarpanch-Regular.ttf */; };
		F3E951A31AEDA8C50071D28E /* Sarpanch-SemiBold.ttf in Resources */ = {isa = PBXBuildFile; fileRef = F3E9519D1AEDA8C50071D28E /* Sarpanch-SemiBold.ttf */; };
/* End PBXBuildFile section */

/* Begin PBXContainerItemProxy section */
		F3A6B31A1AD1EDE400955521 /* PBXContainerItemProxy */ = {
			isa = PBXContainerItemProxy;
			containerPortal = F3A6B2F81AD1EDE400955521 /* Project object */;
			proxyType = 1;
			remoteGlobalIDString = F3A6B2FF1AD1EDE400955521;
			remoteInfo = Megaphone;
		};
/* End PBXContainerItemProxy section */

/* Begin PBXFileReference section */
		A318205F1AF36E4A0008BE21 /* CommentTableViewCell.h */ = {isa = PBXFileReference; fileEncoding = 4; lastKnownFileType = sourcecode.c.h; path = CommentTableViewCell.h; sourceTree = "<group>"; };
		A31820601AF36E4A0008BE21 /* CommentTableViewCell.m */ = {isa = PBXFileReference; fileEncoding = 4; lastKnownFileType = sourcecode.c.objc; path = CommentTableViewCell.m; sourceTree = "<group>"; };
		A3318D561AF85FC900651A20 /* CompaniesViewController.h */ = {isa = PBXFileReference; fileEncoding = 4; lastKnownFileType = sourcecode.c.h; path = CompaniesViewController.h; sourceTree = "<group>"; };
		A3318D571AF85FC900651A20 /* CompaniesViewController.m */ = {isa = PBXFileReference; fileEncoding = 4; lastKnownFileType = sourcecode.c.objc; path = CompaniesViewController.m; sourceTree = "<group>"; };
		A35550D61AD887D4002D2663 /* FacebookSDK.strings */ = {isa = PBXFileReference; fileEncoding = 4; lastKnownFileType = text.plist.strings; path = FacebookSDK.strings; sourceTree = "<group>"; };
		A35550D71AD887D4002D2663 /* FBSDKCoreKit.framework */ = {isa = PBXFileReference; lastKnownFileType = wrapper.framework; path = FBSDKCoreKit.framework; sourceTree = "<group>"; };
		A35550D81AD887D4002D2663 /* FBSDKLoginKit.framework */ = {isa = PBXFileReference; lastKnownFileType = wrapper.framework; path = FBSDKLoginKit.framework; sourceTree = "<group>"; };
		A35550D91AD887D4002D2663 /* FBSDKShareKit.framework */ = {isa = PBXFileReference; lastKnownFileType = wrapper.framework; path = FBSDKShareKit.framework; sourceTree = "<group>"; };
		A35550DA1AD887D4002D2663 /* FacebookSDK.framework */ = {isa = PBXFileReference; lastKnownFileType = wrapper.framework; path = FacebookSDK.framework; sourceTree = "<group>"; };
		A35550E01AD887E0002D2663 /* Bolts.framework */ = {isa = PBXFileReference; lastKnownFileType = wrapper.framework; path = Bolts.framework; sourceTree = "<group>"; };
		A35550E11AD887E0002D2663 /* FBAudienceNetwork.framework */ = {isa = PBXFileReference; lastKnownFileType = wrapper.framework; path = FBAudienceNetwork.framework; sourceTree = "<group>"; };
		A35550E21AD887E0002D2663 /* FBSDKMessengerShareKit.framework */ = {isa = PBXFileReference; lastKnownFileType = wrapper.framework; path = FBSDKMessengerShareKit.framework; sourceTree = "<group>"; };
		A35550E31AD887E0002D2663 /* FBAudienceNetwork.README.txt */ = {isa = PBXFileReference; fileEncoding = 4; lastKnownFileType = text; path = FBAudienceNetwork.README.txt; sourceTree = "<group>"; };
		A35550E41AD887E0002D2663 /* LICENSE */ = {isa = PBXFileReference; fileEncoding = 4; lastKnownFileType = text; path = LICENSE; sourceTree = "<group>"; };
		A376E05F1AD8833D008757E8 /* libicucore.dylib */ = {isa = PBXFileReference; lastKnownFileType = "compiled.mach-o.dylib"; name = libicucore.dylib; path = usr/lib/libicucore.dylib; sourceTree = SDKROOT; };
		A376E0601AD8833D008757E8 /* libc++.dylib */ = {isa = PBXFileReference; lastKnownFileType = "compiled.mach-o.dylib"; name = "libc++.dylib"; path = "usr/lib/libc++.dylib"; sourceTree = SDKROOT; };
		A376E0611AD8833D008757E8 /* CFNetwork.framework */ = {isa = PBXFileReference; lastKnownFileType = wrapper.framework; name = CFNetwork.framework; path = System/Library/Frameworks/CFNetwork.framework; sourceTree = SDKROOT; };
		A376E0621AD8833D008757E8 /* Security.framework */ = {isa = PBXFileReference; lastKnownFileType = wrapper.framework; name = Security.framework; path = System/Library/Frameworks/Security.framework; sourceTree = SDKROOT; };
		A376E0631AD8833D008757E8 /* SystemConfiguration.framework */ = {isa = PBXFileReference; lastKnownFileType = wrapper.framework; name = SystemConfiguration.framework; path = System/Library/Frameworks/SystemConfiguration.framework; sourceTree = SDKROOT; };
		A376E0641AD8833D008757E8 /* QuartzCore.framework */ = {isa = PBXFileReference; lastKnownFileType = wrapper.framework; name = QuartzCore.framework; path = System/Library/Frameworks/QuartzCore.framework; sourceTree = SDKROOT; };
		A376E0651AD8833D008757E8 /* Accounts.framework */ = {isa = PBXFileReference; lastKnownFileType = wrapper.framework; name = Accounts.framework; path = System/Library/Frameworks/Accounts.framework; sourceTree = SDKROOT; };
		A376E0661AD8833D008757E8 /* AudioToolbox.framework */ = {isa = PBXFileReference; lastKnownFileType = wrapper.framework; name = AudioToolbox.framework; path = System/Library/Frameworks/AudioToolbox.framework; sourceTree = SDKROOT; };
		A376E0671AD8833D008757E8 /* CoreGraphics.framework */ = {isa = PBXFileReference; lastKnownFileType = wrapper.framework; name = CoreGraphics.framework; path = System/Library/Frameworks/CoreGraphics.framework; sourceTree = SDKROOT; };
		A376E0681AD8833D008757E8 /* CoreLocation.framework */ = {isa = PBXFileReference; lastKnownFileType = wrapper.framework; name = CoreLocation.framework; path = System/Library/Frameworks/CoreLocation.framework; sourceTree = SDKROOT; };
		A376E0691AD8833D008757E8 /* libz.dylib */ = {isa = PBXFileReference; lastKnownFileType = "compiled.mach-o.dylib"; name = libz.dylib; path = usr/lib/libz.dylib; sourceTree = SDKROOT; };
		A376E06A1AD8833D008757E8 /* MobileCoreServices.framework */ = {isa = PBXFileReference; lastKnownFileType = wrapper.framework; name = MobileCoreServices.framework; path = System/Library/Frameworks/MobileCoreServices.framework; sourceTree = SDKROOT; };
		A376E06B1AD8833D008757E8 /* StoreKit.framework */ = {isa = PBXFileReference; lastKnownFileType = wrapper.framework; name = StoreKit.framework; path = System/Library/Frameworks/StoreKit.framework; sourceTree = SDKROOT; };
		A376E0891AD8839B008757E8 /* libsqlite3.dylib */ = {isa = PBXFileReference; lastKnownFileType = "compiled.mach-o.dylib"; name = libsqlite3.dylib; path = usr/lib/libsqlite3.dylib; sourceTree = SDKROOT; };
		A376E08C1AD886DB008757E8 /* Parse.framework */ = {isa = PBXFileReference; lastKnownFileType = wrapper.framework; path = Parse.framework; sourceTree = "<group>"; };
		A376E08D1AD886DB008757E8 /* ParseFacebookUtils.framework */ = {isa = PBXFileReference; lastKnownFileType = wrapper.framework; path = ParseFacebookUtils.framework; sourceTree = "<group>"; };
		F30587741AD1F3D40058E103 /* CompanyCell.h */ = {isa = PBXFileReference; fileEncoding = 4; lastKnownFileType = sourcecode.c.h; path = CompanyCell.h; sourceTree = "<group>"; };
		F30587751AD1F3D40058E103 /* CompanyCell.m */ = {isa = PBXFileReference; fileEncoding = 4; lastKnownFileType = sourcecode.c.objc; path = CompanyCell.m; sourceTree = "<group>"; };
		F332FB491AF9821300058F3A /* ParseUI.framework */ = {isa = PBXFileReference; lastKnownFileType = wrapper.framework; path = ParseUI.framework; sourceTree = "<group>"; };
		F347561B1ADCA4B90053FF4C /* PostViewController.h */ = {isa = PBXFileReference; fileEncoding = 4; lastKnownFileType = sourcecode.c.h; path = PostViewController.h; sourceTree = "<group>"; };
		F347561C1ADCA4B90053FF4C /* PostViewController.m */ = {isa = PBXFileReference; fileEncoding = 4; lastKnownFileType = sourcecode.c.objc; path = PostViewController.m; sourceTree = "<group>"; };
		F35559D71AD38804001A0FCA /* MoreTableViewController.h */ = {isa = PBXFileReference; fileEncoding = 4; lastKnownFileType = sourcecode.c.h; path = MoreTableViewController.h; sourceTree = "<group>"; };
		F35559D81AD38804001A0FCA /* MoreTableViewController.m */ = {isa = PBXFileReference; fileEncoding = 4; lastKnownFileType = sourcecode.c.objc; path = MoreTableViewController.m; sourceTree = "<group>"; };
		F35559DB1AD39349001A0FCA /* ProfilePostsTableViewController.h */ = {isa = PBXFileReference; fileEncoding = 4; lastKnownFileType = sourcecode.c.h; path = ProfilePostsTableViewController.h; sourceTree = "<group>"; };
		F35559DC1AD39349001A0FCA /* ProfilePostsTableViewController.m */ = {isa = PBXFileReference; fileEncoding = 4; lastKnownFileType = sourcecode.c.objc; path = ProfilePostsTableViewController.m; sourceTree = "<group>"; };
		F35559EB1AD393FA001A0FCA /* PostCell.h */ = {isa = PBXFileReference; fileEncoding = 4; lastKnownFileType = sourcecode.c.h; path = PostCell.h; sourceTree = "<group>"; };
		F35559EC1AD393FA001A0FCA /* PostCell.m */ = {isa = PBXFileReference; fileEncoding = 4; lastKnownFileType = sourcecode.c.objc; path = PostCell.m; sourceTree = "<group>"; };
		F363285F1ADCD54F00226397 /* ProfileTableViewController.h */ = {isa = PBXFileReference; fileEncoding = 4; lastKnownFileType = sourcecode.c.h; path = ProfileTableViewController.h; sourceTree = "<group>"; };
		F36328601ADCD54F00226397 /* ProfileTableViewController.m */ = {isa = PBXFileReference; fileEncoding = 4; lastKnownFileType = sourcecode.c.objc; path = ProfileTableViewController.m; sourceTree = "<group>"; };
		F3642BE31AD50B71007C5034 /* PostsTableViewController.h */ = {isa = PBXFileReference; fileEncoding = 4; lastKnownFileType = sourcecode.c.h; path = PostsTableViewController.h; sourceTree = "<group>"; };
		F3642BE41AD50B71007C5034 /* PostsTableViewController.m */ = {isa = PBXFileReference; fileEncoding = 4; lastKnownFileType = sourcecode.c.objc; path = PostsTableViewController.m; sourceTree = "<group>"; };
		F381D9791AFB1D3C00B7CB2F /* Social.framework */ = {isa = PBXFileReference; lastKnownFileType = wrapper.framework; name = Social.framework; path = System/Library/Frameworks/Social.framework; sourceTree = SDKROOT; };
		F3A6B3001AD1EDE400955521 /* Megaphone.app */ = {isa = PBXFileReference; explicitFileType = wrapper.application; includeInIndex = 0; path = Megaphone.app; sourceTree = BUILT_PRODUCTS_DIR; };
		F3A6B3041AD1EDE400955521 /* Info.plist */ = {isa = PBXFileReference; lastKnownFileType = text.plist.xml; path = Info.plist; sourceTree = "<group>"; };
		F3A6B3051AD1EDE400955521 /* main.m */ = {isa = PBXFileReference; lastKnownFileType = sourcecode.c.objc; path = main.m; sourceTree = "<group>"; };
		F3A6B3071AD1EDE400955521 /* AppDelegate.h */ = {isa = PBXFileReference; lastKnownFileType = sourcecode.c.h; path = AppDelegate.h; sourceTree = "<group>"; };
		F3A6B3081AD1EDE400955521 /* AppDelegate.m */ = {isa = PBXFileReference; lastKnownFileType = sourcecode.c.objc; path = AppDelegate.m; sourceTree = "<group>"; };
		F3A6B30E1AD1EDE400955521 /* Base */ = {isa = PBXFileReference; lastKnownFileType = file.storyboard; name = Base; path = Base.lproj/Main.storyboard; sourceTree = "<group>"; };
		F3A6B3101AD1EDE400955521 /* Images.xcassets */ = {isa = PBXFileReference; lastKnownFileType = folder.assetcatalog; path = Images.xcassets; sourceTree = "<group>"; };
		F3A6B3131AD1EDE400955521 /* Base */ = {isa = PBXFileReference; lastKnownFileType = file.xib; name = Base; path = Base.lproj/LaunchScreen.xib; sourceTree = "<group>"; };
		F3A6B3191AD1EDE400955521 /* MegaphoneTests.xctest */ = {isa = PBXFileReference; explicitFileType = wrapper.cfbundle; includeInIndex = 0; path = MegaphoneTests.xctest; sourceTree = BUILT_PRODUCTS_DIR; };
		F3A6B31E1AD1EDE400955521 /* Info.plist */ = {isa = PBXFileReference; lastKnownFileType = text.plist.xml; path = Info.plist; sourceTree = "<group>"; };
		F3A6B31F1AD1EDE400955521 /* MegaphoneTests.m */ = {isa = PBXFileReference; lastKnownFileType = sourcecode.c.objc; path = MegaphoneTests.m; sourceTree = "<group>"; };
		F3B842F51AF47CBA0002BFD0 /* CommentTableView.h */ = {isa = PBXFileReference; fileEncoding = 4; lastKnownFileType = sourcecode.c.h; path = CommentTableView.h; sourceTree = "<group>"; };
		F3B842F61AF47CBA0002BFD0 /* CommentTableView.m */ = {isa = PBXFileReference; fileEncoding = 4; lastKnownFileType = sourcecode.c.objc; path = CommentTableView.m; sourceTree = "<group>"; };
		F3C353A01AD88E7400455F72 /* NewPostViewController.h */ = {isa = PBXFileReference; fileEncoding = 4; lastKnownFileType = sourcecode.c.h; path = NewPostViewController.h; sourceTree = "<group>"; };
		F3C353A11AD88E7400455F72 /* NewPostViewController.m */ = {isa = PBXFileReference; fileEncoding = 4; lastKnownFileType = sourcecode.c.objc; path = NewPostViewController.m; sourceTree = "<group>"; };
		F3E951981AEDA8C50071D28E /* Sarpanch-Black.ttf */ = {isa = PBXFileReference; lastKnownFileType = file; path = "Sarpanch-Black.ttf"; sourceTree = "<group>"; };
		F3E951991AEDA8C50071D28E /* Sarpanch-Bold.ttf */ = {isa = PBXFileReference; lastKnownFileType = file; path = "Sarpanch-Bold.ttf"; sourceTree = "<group>"; };
		F3E9519A1AEDA8C50071D28E /* Sarpanch-ExtraBold.ttf */ = {isa = PBXFileReference; lastKnownFileType = file; path = "Sarpanch-ExtraBold.ttf"; sourceTree = "<group>"; };
		F3E9519B1AEDA8C50071D28E /* Sarpanch-Medium.ttf */ = {isa = PBXFileReference; lastKnownFileType = file; path = "Sarpanch-Medium.ttf"; sourceTree = "<group>"; };
		F3E9519C1AEDA8C50071D28E /* Sarpanch-Regular.ttf */ = {isa = PBXFileReference; lastKnownFileType = file; path = "Sarpanch-Regular.ttf"; sourceTree = "<group>"; };
		F3E9519D1AEDA8C50071D28E /* Sarpanch-SemiBold.ttf */ = {isa = PBXFileReference; lastKnownFileType = file; path = "Sarpanch-SemiBold.ttf"; sourceTree = "<group>"; };
/* End PBXFileReference section */

/* Begin PBXFrameworksBuildPhase section */
		F3A6B2FD1AD1EDE400955521 /* Frameworks */ = {
			isa = PBXFrameworksBuildPhase;
			buildActionMask = 2147483647;
			files = (
				F381D97A1AFB1D3C00B7CB2F /* Social.framework in Frameworks */,
				A376E0821AD8833D008757E8 /* Accounts.framework in Frameworks */,
				A376E08A1AD8839B008757E8 /* libsqlite3.dylib in Frameworks */,
				A35550DF1AD887D4002D2663 /* FacebookSDK.framework in Frameworks */,
				A376E07F1AD8833D008757E8 /* Security.framework in Frameworks */,
				A35550DD1AD887D4002D2663 /* FBSDKLoginKit.framework in Frameworks */,
				A35550DC1AD887D4002D2663 /* FBSDKCoreKit.framework in Frameworks */,
				A376E0811AD8833D008757E8 /* QuartzCore.framework in Frameworks */,
				F332FB4A1AF9821300058F3A /* ParseUI.framework in Frameworks */,
				A35550E71AD887E0002D2663 /* FBSDKMessengerShareKit.framework in Frameworks */,
				A35550E51AD887E0002D2663 /* Bolts.framework in Frameworks */,
				A35550E61AD887E0002D2663 /* FBAudienceNetwork.framework in Frameworks */,
				A376E0881AD8833D008757E8 /* StoreKit.framework in Frameworks */,
				A376E07E1AD8833D008757E8 /* CFNetwork.framework in Frameworks */,
				A376E0801AD8833D008757E8 /* SystemConfiguration.framework in Frameworks */,
				A376E0841AD8833D008757E8 /* CoreGraphics.framework in Frameworks */,
				A376E0861AD8833D008757E8 /* libz.dylib in Frameworks */,
				A376E07D1AD8833D008757E8 /* libc++.dylib in Frameworks */,
				A35550DE1AD887D4002D2663 /* FBSDKShareKit.framework in Frameworks */,
				A376E0901AD886DB008757E8 /* ParseFacebookUtils.framework in Frameworks */,
				A376E07C1AD8833D008757E8 /* libicucore.dylib in Frameworks */,
				A376E08F1AD886DB008757E8 /* Parse.framework in Frameworks */,
				A376E0851AD8833D008757E8 /* CoreLocation.framework in Frameworks */,
				A376E0871AD8833D008757E8 /* MobileCoreServices.framework in Frameworks */,
				A376E0831AD8833D008757E8 /* AudioToolbox.framework in Frameworks */,
			);
			runOnlyForDeploymentPostprocessing = 0;
		};
		F3A6B3161AD1EDE400955521 /* Frameworks */ = {
			isa = PBXFrameworksBuildPhase;
			buildActionMask = 2147483647;
			files = (
			);
			runOnlyForDeploymentPostprocessing = 0;
		};
/* End PBXFrameworksBuildPhase section */

/* Begin PBXGroup section */
		A376DF661AD867ED008757E8 /* Frameworks */ = {
			isa = PBXGroup;
			children = (
				F381D9791AFB1D3C00B7CB2F /* Social.framework */,
				A35550E01AD887E0002D2663 /* Bolts.framework */,
				A35550E11AD887E0002D2663 /* FBAudienceNetwork.framework */,
				A35550E21AD887E0002D2663 /* FBSDKMessengerShareKit.framework */,
				A35550E31AD887E0002D2663 /* FBAudienceNetwork.README.txt */,
				A35550E41AD887E0002D2663 /* LICENSE */,
				A35550D61AD887D4002D2663 /* FacebookSDK.strings */,
				A35550D71AD887D4002D2663 /* FBSDKCoreKit.framework */,
				A35550D81AD887D4002D2663 /* FBSDKLoginKit.framework */,
				A35550D91AD887D4002D2663 /* FBSDKShareKit.framework */,
				A35550DA1AD887D4002D2663 /* FacebookSDK.framework */,
				A376E08C1AD886DB008757E8 /* Parse.framework */,
				A376E08D1AD886DB008757E8 /* ParseFacebookUtils.framework */,
				A376E0891AD8839B008757E8 /* libsqlite3.dylib */,
				A376E05F1AD8833D008757E8 /* libicucore.dylib */,
				A376E0601AD8833D008757E8 /* libc++.dylib */,
				A376E0611AD8833D008757E8 /* CFNetwork.framework */,
				A376E0621AD8833D008757E8 /* Security.framework */,
				A376E0631AD8833D008757E8 /* SystemConfiguration.framework */,
				A376E0641AD8833D008757E8 /* QuartzCore.framework */,
				A376E0651AD8833D008757E8 /* Accounts.framework */,
				A376E0661AD8833D008757E8 /* AudioToolbox.framework */,
				A376E0671AD8833D008757E8 /* CoreGraphics.framework */,
				A376E0681AD8833D008757E8 /* CoreLocation.framework */,
				A376E0691AD8833D008757E8 /* libz.dylib */,
				F332FB491AF9821300058F3A /* ParseUI.framework */,
				A376E06A1AD8833D008757E8 /* MobileCoreServices.framework */,
				A376E06B1AD8833D008757E8 /* StoreKit.framework */,
			);
			name = Frameworks;
			sourceTree = "<group>";
		};
		A3A311501AD36DE000EF2A51 /* View Controllers */ = {
			isa = PBXGroup;
			children = (
				F347561E1ADCA4BD0053FF4C /* Company */,
				F35559DA1AD39312001A0FCA /* Me */,
				F35559D71AD38804001A0FCA /* MoreTableViewController.h */,
				F35559D81AD38804001A0FCA /* MoreTableViewController.m */,
			);
			name = "View Controllers";
			sourceTree = "<group>";
		};
		F347561E1ADCA4BD0053FF4C /* Company */ = {
			isa = PBXGroup;
			children = (
				F3C353A01AD88E7400455F72 /* NewPostViewController.h */,
				F3C353A11AD88E7400455F72 /* NewPostViewController.m */,
				F3642BE31AD50B71007C5034 /* PostsTableViewController.h */,
				F3642BE41AD50B71007C5034 /* PostsTableViewController.m */,
				F347561B1ADCA4B90053FF4C /* PostViewController.h */,
				F347561C1ADCA4B90053FF4C /* PostViewController.m */,
				A3318D561AF85FC900651A20 /* CompaniesViewController.h */,
				A3318D571AF85FC900651A20 /* CompaniesViewController.m */,
			);
			name = Company;
			sourceTree = "<group>";
		};
		F35559DA1AD39312001A0FCA /* Me */ = {
			isa = PBXGroup;
			children = (
				F363285F1ADCD54F00226397 /* ProfileTableViewController.h */,
				F36328601ADCD54F00226397 /* ProfileTableViewController.m */,
				F363285B1ADCD49200226397 /* Subviews */,
			);
			name = Me;
			sourceTree = "<group>";
		};
		F35559E71AD393C4001A0FCA /* CustomCells */ = {
			isa = PBXGroup;
			children = (
				F35559EB1AD393FA001A0FCA /* PostCell.h */,
				F35559EC1AD393FA001A0FCA /* PostCell.m */,
				F30587741AD1F3D40058E103 /* CompanyCell.h */,
				F30587751AD1F3D40058E103 /* CompanyCell.m */,
				A318205F1AF36E4A0008BE21 /* CommentTableViewCell.h */,
				A31820601AF36E4A0008BE21 /* CommentTableViewCell.m */,
			);
			name = CustomCells;
			sourceTree = "<group>";
		};
		F363285B1ADCD49200226397 /* Subviews */ = {
			isa = PBXGroup;
			children = (
				F35559DB1AD39349001A0FCA /* ProfilePostsTableViewController.h */,
				F35559DC1AD39349001A0FCA /* ProfilePostsTableViewController.m */,
			);
			name = Subviews;
			sourceTree = "<group>";
		};
		F3A6B2F71AD1EDE400955521 = {
			isa = PBXGroup;
			children = (
				F3A6B3021AD1EDE400955521 /* Megaphone */,
				F3A6B31C1AD1EDE400955521 /* MegaphoneTests */,
				F3A6B3011AD1EDE400955521 /* Products */,
				A376DF661AD867ED008757E8 /* Frameworks */,
			);
			sourceTree = "<group>";
		};
		F3A6B3011AD1EDE400955521 /* Products */ = {
			isa = PBXGroup;
			children = (
				F3A6B3001AD1EDE400955521 /* Megaphone.app */,
				F3A6B3191AD1EDE400955521 /* MegaphoneTests.xctest */,
			);
			name = Products;
			sourceTree = "<group>";
		};
		F3A6B3021AD1EDE400955521 /* Megaphone */ = {
			isa = PBXGroup;
			children = (
				F3A6B3071AD1EDE400955521 /* AppDelegate.h */,
				F3A6B3081AD1EDE400955521 /* AppDelegate.m */,
				F3A6B30D1AD1EDE400955521 /* Main.storyboard */,
				F3B842F51AF47CBA0002BFD0 /* CommentTableView.h */,
				F3B842F61AF47CBA0002BFD0 /* CommentTableView.m */,
				F35559E71AD393C4001A0FCA /* CustomCells */,
				A3A311501AD36DE000EF2A51 /* View Controllers */,
				F3A6B3101AD1EDE400955521 /* Images.xcassets */,
				F3A6B3121AD1EDE400955521 /* LaunchScreen.xib */,
				F3E951971AEDA7CE0071D28E /* Fonts */,
				F3A6B3031AD1EDE400955521 /* Supporting Files */,
			);
			path = Megaphone;
			sourceTree = "<group>";
		};
		F3A6B3031AD1EDE400955521 /* Supporting Files */ = {
			isa = PBXGroup;
			children = (
				F3A6B3041AD1EDE400955521 /* Info.plist */,
				F3A6B3051AD1EDE400955521 /* main.m */,
			);
			name = "Supporting Files";
			sourceTree = "<group>";
		};
		F3A6B31C1AD1EDE400955521 /* MegaphoneTests */ = {
			isa = PBXGroup;
			children = (
				F3A6B31F1AD1EDE400955521 /* MegaphoneTests.m */,
				F3A6B31D1AD1EDE400955521 /* Supporting Files */,
			);
			path = MegaphoneTests;
			sourceTree = "<group>";
		};
		F3A6B31D1AD1EDE400955521 /* Supporting Files */ = {
			isa = PBXGroup;
			children = (
				F3A6B31E1AD1EDE400955521 /* Info.plist */,
			);
			name = "Supporting Files";
			sourceTree = "<group>";
		};
		F3E951971AEDA7CE0071D28E /* Fonts */ = {
			isa = PBXGroup;
			children = (
				F3E951981AEDA8C50071D28E /* Sarpanch-Black.ttf */,
				F3E951991AEDA8C50071D28E /* Sarpanch-Bold.ttf */,
				F3E9519A1AEDA8C50071D28E /* Sarpanch-ExtraBold.ttf */,
				F3E9519B1AEDA8C50071D28E /* Sarpanch-Medium.ttf */,
				F3E9519C1AEDA8C50071D28E /* Sarpanch-Regular.ttf */,
				F3E9519D1AEDA8C50071D28E /* Sarpanch-SemiBold.ttf */,
			);
			name = Fonts;
			sourceTree = "<group>";
		};
/* End PBXGroup section */

/* Begin PBXNativeTarget section */
		F3A6B2FF1AD1EDE400955521 /* Megaphone */ = {
			isa = PBXNativeTarget;
			buildConfigurationList = F3A6B3231AD1EDE400955521 /* Build configuration list for PBXNativeTarget "Megaphone" */;
			buildPhases = (
				F3A6B2FC1AD1EDE400955521 /* Sources */,
				F3A6B2FD1AD1EDE400955521 /* Frameworks */,
				F3A6B2FE1AD1EDE400955521 /* Resources */,
			);
			buildRules = (
			);
			dependencies = (
			);
			name = Megaphone;
			productName = Megaphone;
			productReference = F3A6B3001AD1EDE400955521 /* Megaphone.app */;
			productType = "com.apple.product-type.application";
		};
		F3A6B3181AD1EDE400955521 /* MegaphoneTests */ = {
			isa = PBXNativeTarget;
			buildConfigurationList = F3A6B3261AD1EDE400955521 /* Build configuration list for PBXNativeTarget "MegaphoneTests" */;
			buildPhases = (
				F3A6B3151AD1EDE400955521 /* Sources */,
				F3A6B3161AD1EDE400955521 /* Frameworks */,
				F3A6B3171AD1EDE400955521 /* Resources */,
			);
			buildRules = (
			);
			dependencies = (
				F3A6B31B1AD1EDE400955521 /* PBXTargetDependency */,
			);
			name = MegaphoneTests;
			productName = MegaphoneTests;
			productReference = F3A6B3191AD1EDE400955521 /* MegaphoneTests.xctest */;
			productType = "com.apple.product-type.bundle.unit-test";
		};
/* End PBXNativeTarget section */

/* Begin PBXProject section */
		F3A6B2F81AD1EDE400955521 /* Project object */ = {
			isa = PBXProject;
			attributes = {
				LastUpgradeCheck = 0620;
				ORGANIZATIONNAME = Dropbox;
				TargetAttributes = {
					F3A6B2FF1AD1EDE400955521 = {
						CreatedOnToolsVersion = 6.2;
					};
					F3A6B3181AD1EDE400955521 = {
						CreatedOnToolsVersion = 6.2;
						TestTargetID = F3A6B2FF1AD1EDE400955521;
					};
				};
			};
			buildConfigurationList = F3A6B2FB1AD1EDE400955521 /* Build configuration list for PBXProject "Megaphone" */;
			compatibilityVersion = "Xcode 3.2";
			developmentRegion = English;
			hasScannedForEncodings = 0;
			knownRegions = (
				en,
				Base,
			);
			mainGroup = F3A6B2F71AD1EDE400955521;
			productRefGroup = F3A6B3011AD1EDE400955521 /* Products */;
			projectDirPath = "";
			projectRoot = "";
			targets = (
				F3A6B2FF1AD1EDE400955521 /* Megaphone */,
				F3A6B3181AD1EDE400955521 /* MegaphoneTests */,
			);
		};
/* End PBXProject section */

/* Begin PBXResourcesBuildPhase section */
		F3A6B2FE1AD1EDE400955521 /* Resources */ = {
			isa = PBXResourcesBuildPhase;
			buildActionMask = 2147483647;
			files = (
				A35550E81AD887E1002D2663 /* FBAudienceNetwork.README.txt in Resources */,
				F3E951A31AEDA8C50071D28E /* Sarpanch-SemiBold.ttf in Resources */,
				F3A6B30F1AD1EDE400955521 /* Main.storyboard in Resources */,
				A35550E91AD887E1002D2663 /* LICENSE in Resources */,
				F3E9519F1AEDA8C50071D28E /* Sarpanch-Bold.ttf in Resources */,
				A35550DB1AD887D4002D2663 /* FacebookSDK.strings in Resources */,
				F3E951A11AEDA8C50071D28E /* Sarpanch-Medium.ttf in Resources */,
				F3A6B3141AD1EDE400955521 /* LaunchScreen.xib in Resources */,
				F3A6B3111AD1EDE400955521 /* Images.xcassets in Resources */,
				F3E951A01AEDA8C50071D28E /* Sarpanch-ExtraBold.ttf in Resources */,
				F3E9519E1AEDA8C50071D28E /* Sarpanch-Black.ttf in Resources */,
				F3E951A21AEDA8C50071D28E /* Sarpanch-Regular.ttf in Resources */,
			);
			runOnlyForDeploymentPostprocessing = 0;
		};
		F3A6B3171AD1EDE400955521 /* Resources */ = {
			isa = PBXResourcesBuildPhase;
			buildActionMask = 2147483647;
			files = (
			);
			runOnlyForDeploymentPostprocessing = 0;
		};
/* End PBXResourcesBuildPhase section */

/* Begin PBXSourcesBuildPhase section */
		F3A6B2FC1AD1EDE400955521 /* Sources */ = {
			isa = PBXSourcesBuildPhase;
			buildActionMask = 2147483647;
			files = (
				F3C353A21AD88E7400455F72 /* NewPostViewController.m in Sources */,
				F3B842F71AF47CBA0002BFD0 /* CommentTableView.m in Sources */,
				F3642BE51AD50B71007C5034 /* PostsTableViewController.m in Sources */,
				A31820611AF36E4A0008BE21 /* CommentTableViewCell.m in Sources */,
				F35559ED1AD393FA001A0FCA /* PostCell.m in Sources */,
				A3318D581AF85FC900651A20 /* CompaniesViewController.m in Sources */,
				F30587761AD1F3D40058E103 /* CompanyCell.m in Sources */,
				F35559D91AD38804001A0FCA /* MoreTableViewController.m in Sources */,
				F36328611ADCD54F00226397 /* ProfileTableViewController.m in Sources */,
				F3A6B3091AD1EDE400955521 /* AppDelegate.m in Sources */,
				F3A6B3061AD1EDE400955521 /* main.m in Sources */,
				F35559DD1AD39349001A0FCA /* ProfilePostsTableViewController.m in Sources */,
				F347561D1ADCA4B90053FF4C /* PostViewController.m in Sources */,
			);
			runOnlyForDeploymentPostprocessing = 0;
		};
		F3A6B3151AD1EDE400955521 /* Sources */ = {
			isa = PBXSourcesBuildPhase;
			buildActionMask = 2147483647;
			files = (
				F3A6B3201AD1EDE400955521 /* MegaphoneTests.m in Sources */,
			);
			runOnlyForDeploymentPostprocessing = 0;
		};
/* End PBXSourcesBuildPhase section */

/* Begin PBXTargetDependency section */
		F3A6B31B1AD1EDE400955521 /* PBXTargetDependency */ = {
			isa = PBXTargetDependency;
			target = F3A6B2FF1AD1EDE400955521 /* Megaphone */;
			targetProxy = F3A6B31A1AD1EDE400955521 /* PBXContainerItemProxy */;
		};
/* End PBXTargetDependency section */

/* Begin PBXVariantGroup section */
		F3A6B30D1AD1EDE400955521 /* Main.storyboard */ = {
			isa = PBXVariantGroup;
			children = (
				F3A6B30E1AD1EDE400955521 /* Base */,
			);
			name = Main.storyboard;
			sourceTree = "<group>";
		};
		F3A6B3121AD1EDE400955521 /* LaunchScreen.xib */ = {
			isa = PBXVariantGroup;
			children = (
				F3A6B3131AD1EDE400955521 /* Base */,
			);
			name = LaunchScreen.xib;
			sourceTree = "<group>";
		};
/* End PBXVariantGroup section */

/* Begin XCBuildConfiguration section */
		F3A6B3211AD1EDE400955521 /* Debug */ = {
			isa = XCBuildConfiguration;
			buildSettings = {
				ALWAYS_SEARCH_USER_PATHS = NO;
				CLANG_CXX_LANGUAGE_STANDARD = "gnu++0x";
				CLANG_CXX_LIBRARY = "libc++";
				CLANG_ENABLE_MODULES = YES;
				CLANG_ENABLE_OBJC_ARC = YES;
				CLANG_WARN_BOOL_CONVERSION = YES;
				CLANG_WARN_CONSTANT_CONVERSION = YES;
				CLANG_WARN_DIRECT_OBJC_ISA_USAGE = YES_ERROR;
				CLANG_WARN_EMPTY_BODY = YES;
				CLANG_WARN_ENUM_CONVERSION = YES;
				CLANG_WARN_INT_CONVERSION = YES;
				CLANG_WARN_OBJC_ROOT_CLASS = YES_ERROR;
				CLANG_WARN_UNREACHABLE_CODE = YES;
				CLANG_WARN__DUPLICATE_METHOD_MATCH = YES;
				"CODE_SIGN_IDENTITY[sdk=iphoneos*]" = "iPhone Developer";
				COPY_PHASE_STRIP = NO;
				ENABLE_STRICT_OBJC_MSGSEND = YES;
				GCC_C_LANGUAGE_STANDARD = gnu99;
				GCC_DYNAMIC_NO_PIC = NO;
				GCC_OPTIMIZATION_LEVEL = 0;
				GCC_PREPROCESSOR_DEFINITIONS = (
					"DEBUG=1",
					"$(inherited)",
				);
				GCC_SYMBOLS_PRIVATE_EXTERN = NO;
				GCC_WARN_64_TO_32_BIT_CONVERSION = YES;
				GCC_WARN_ABOUT_RETURN_TYPE = YES_ERROR;
				GCC_WARN_UNDECLARED_SELECTOR = YES;
				GCC_WARN_UNINITIALIZED_AUTOS = YES_AGGRESSIVE;
				GCC_WARN_UNUSED_FUNCTION = YES;
				GCC_WARN_UNUSED_VARIABLE = YES;
				IPHONEOS_DEPLOYMENT_TARGET = 8.2;
				MTL_ENABLE_DEBUG_INFO = YES;
				ONLY_ACTIVE_ARCH = YES;
				SDKROOT = iphoneos;
			};
			name = Debug;
		};
		F3A6B3221AD1EDE400955521 /* Release */ = {
			isa = XCBuildConfiguration;
			buildSettings = {
				ALWAYS_SEARCH_USER_PATHS = NO;
				CLANG_CXX_LANGUAGE_STANDARD = "gnu++0x";
				CLANG_CXX_LIBRARY = "libc++";
				CLANG_ENABLE_MODULES = YES;
				CLANG_ENABLE_OBJC_ARC = YES;
				CLANG_WARN_BOOL_CONVERSION = YES;
				CLANG_WARN_CONSTANT_CONVERSION = YES;
				CLANG_WARN_DIRECT_OBJC_ISA_USAGE = YES_ERROR;
				CLANG_WARN_EMPTY_BODY = YES;
				CLANG_WARN_ENUM_CONVERSION = YES;
				CLANG_WARN_INT_CONVERSION = YES;
				CLANG_WARN_OBJC_ROOT_CLASS = YES_ERROR;
				CLANG_WARN_UNREACHABLE_CODE = YES;
				CLANG_WARN__DUPLICATE_METHOD_MATCH = YES;
				"CODE_SIGN_IDENTITY[sdk=iphoneos*]" = "iPhone Developer";
				COPY_PHASE_STRIP = NO;
				ENABLE_NS_ASSERTIONS = NO;
				ENABLE_STRICT_OBJC_MSGSEND = YES;
				GCC_C_LANGUAGE_STANDARD = gnu99;
				GCC_WARN_64_TO_32_BIT_CONVERSION = YES;
				GCC_WARN_ABOUT_RETURN_TYPE = YES_ERROR;
				GCC_WARN_UNDECLARED_SELECTOR = YES;
				GCC_WARN_UNINITIALIZED_AUTOS = YES_AGGRESSIVE;
				GCC_WARN_UNUSED_FUNCTION = YES;
				GCC_WARN_UNUSED_VARIABLE = YES;
				IPHONEOS_DEPLOYMENT_TARGET = 8.2;
				MTL_ENABLE_DEBUG_INFO = NO;
				SDKROOT = iphoneos;
				VALIDATE_PRODUCT = YES;
			};
			name = Release;
		};
		F3A6B3241AD1EDE400955521 /* Debug */ = {
			isa = XCBuildConfiguration;
			buildSettings = {
				ASSETCATALOG_COMPILER_APPICON_NAME = AppIcon;
				FRAMEWORK_SEARCH_PATHS = (
					"$(inherited)",
					"$(PROJECT_DIR)",
				);
				INFOPLIST_FILE = Megaphone/Info.plist;
				LD_RUNPATH_SEARCH_PATHS = "$(inherited) @executable_path/Frameworks";
				OTHER_LDFLAGS = "";
				PRODUCT_NAME = "$(TARGET_NAME)";
			};
			name = Debug;
		};
		F3A6B3251AD1EDE400955521 /* Release */ = {
			isa = XCBuildConfiguration;
			buildSettings = {
				ASSETCATALOG_COMPILER_APPICON_NAME = AppIcon;
				FRAMEWORK_SEARCH_PATHS = (
					"$(inherited)",
					"$(PROJECT_DIR)",
				);
				INFOPLIST_FILE = Megaphone/Info.plist;
				LD_RUNPATH_SEARCH_PATHS = "$(inherited) @executable_path/Frameworks";
				OTHER_LDFLAGS = "";
				PRODUCT_NAME = "$(TARGET_NAME)";
			};
			name = Release;
		};
		F3A6B3271AD1EDE400955521 /* Debug */ = {
			isa = XCBuildConfiguration;
			buildSettings = {
				BUNDLE_LOADER = "$(TEST_HOST)";
				FRAMEWORK_SEARCH_PATHS = (
					"$(SDKROOT)/Developer/Library/Frameworks",
					"$(inherited)",
				);
				GCC_PREPROCESSOR_DEFINITIONS = (
					"DEBUG=1",
					"$(inherited)",
				);
				INFOPLIST_FILE = MegaphoneTests/Info.plist;
				LD_RUNPATH_SEARCH_PATHS = "$(inherited) @executable_path/Frameworks @loader_path/Frameworks";
				PRODUCT_NAME = "$(TARGET_NAME)";
				TEST_HOST = "$(BUILT_PRODUCTS_DIR)/Megaphone.app/Megaphone";
			};
			name = Debug;
		};
		F3A6B3281AD1EDE400955521 /* Release */ = {
			isa = XCBuildConfiguration;
			buildSettings = {
				BUNDLE_LOADER = "$(TEST_HOST)";
				FRAMEWORK_SEARCH_PATHS = (
					"$(SDKROOT)/Developer/Library/Frameworks",
					"$(inherited)",
				);
				INFOPLIST_FILE = MegaphoneTests/Info.plist;
				LD_RUNPATH_SEARCH_PATHS = "$(inherited) @executable_path/Frameworks @loader_path/Frameworks";
				PRODUCT_NAME = "$(TARGET_NAME)";
				TEST_HOST = "$(BUILT_PRODUCTS_DIR)/Megaphone.app/Megaphone";
			};
			name = Release;
		};
/* End XCBuildConfiguration section */

/* Begin XCConfigurationList section */
		F3A6B2FB1AD1EDE400955521 /* Build configuration list for PBXProject "Megaphone" */ = {
			isa = XCConfigurationList;
			buildConfigurations = (
				F3A6B3211AD1EDE400955521 /* Debug */,
				F3A6B3221AD1EDE400955521 /* Release */,
			);
			defaultConfigurationIsVisible = 0;
			defaultConfigurationName = Release;
		};
		F3A6B3231AD1EDE400955521 /* Build configuration list for PBXNativeTarget "Megaphone" */ = {
			isa = XCConfigurationList;
			buildConfigurations = (
				F3A6B3241AD1EDE400955521 /* Debug */,
				F3A6B3251AD1EDE400955521 /* Release */,
			);
			defaultConfigurationIsVisible = 0;
			defaultConfigurationName = Release;
		};
		F3A6B3261AD1EDE400955521 /* Build configuration list for PBXNativeTarget "MegaphoneTests" */ = {
			isa = XCConfigurationList;
			buildConfigurations = (
				F3A6B3271AD1EDE400955521 /* Debug */,
				F3A6B3281AD1EDE400955521 /* Release */,
			);
			defaultConfigurationIsVisible = 0;
			defaultConfigurationName = Release;
		};
/* End XCConfigurationList section */
	};
	rootObject = F3A6B2F81AD1EDE400955521 /* Project object */;
}
